
Microsoft Visual Studio Solution File, Format Version 12.00
# Visual Studio Version 17
VisualStudioVersion = 17.7.34221.43
MinimumVisualStudioVersion = 10.0.40219.1
Project("{FAE04EC0-301F-11D3-BF4B-00C04F79EFBC}") = "ProLab2", "ProLab2\ProLab2.csproj", "{3B50F5D8-F6C4-4F13-9EA4-6ABA490BEA9A}"
EndProject
Global
	GlobalSection(SolutionConfigurationPlatforms) = preSolution
		Debug|Any CPU = Debug|Any CPU
		Release|Any CPU = Release|Any CPU
	EndGlobalSection
	GlobalSection(ProjectConfigurationPlatforms) = postSolution
		{3B50F5D8-F6C4-4F13-9EA4-6ABA490BEA9A}.Debug|Any CPU.ActiveCfg = Debug|Any CPU
		{3B50F5D8-F6C4-4F13-9EA4-6ABA490BEA9A}.Debug|Any CPU.Build.0 = Debug|Any CPU
		{3B50F5D8-F6C4-4F13-9EA4-6ABA490BEA9A}.Release|Any CPU.ActiveCfg = Release|Any CPU
		{3B50F5D8-F6C4-4F13-9EA4-6ABA490BEA9A}.Release|Any CPU.Build.0 = Release|Any CPU
	EndGlobalSection
	GlobalSection(SolutionProperties) = preSolution
		HideSolutionNode = FALSE
	EndGlobalSection
	GlobalSection(ExtensibilityGlobals) = postSolution
		SolutionGuid = {A046745B-97F2-45D7-9D99-465EA049F494}
	EndGlobalSection
EndGlobal
